
Microsoft Visual Studio Solution File, Format Version 12.00
# Visual Studio Version 17
VisualStudioVersion = 17.6.33723.286
MinimumVisualStudioVersion = 10.0.40219.1
Project("{9A19103F-16F7-4668-BE54-9A1E7A4F7556}") = "Find(H)er", "Find(H)er.csproj", "{79F03886-25EF-4ED6-9E3E-7213CFA2CDBA}"
EndProject
Project("{9A19103F-16F7-4668-BE54-9A1E7A4F7556}") = "PeerJsServer", "..\VideoCall\peerjs-server-net-master\src\PeerJsServer\PeerJsServer.csproj", "{C3F52532-B3B0-48D4-AC5C-50B483AEB7A9}"
EndProject
Global
	GlobalSection(SolutionConfigurationPlatforms) = preSolution
		Debug|Any CPU = Debug|Any CPU
		Release|Any CPU = Release|Any CPU
	EndGlobalSection
	GlobalSection(ProjectConfigurationPlatforms) = postSolution
		{79F03886-25EF-4ED6-9E3E-7213CFA2CDBA}.Debug|Any CPU.ActiveCfg = Debug|Any CPU
		{79F03886-25EF-4ED6-9E3E-7213CFA2CDBA}.Debug|Any CPU.Build.0 = Debug|Any CPU
		{79F03886-25EF-4ED6-9E3E-7213CFA2CDBA}.Release|Any CPU.ActiveCfg = Release|Any CPU
		{79F03886-25EF-4ED6-9E3E-7213CFA2CDBA}.Release|Any CPU.Build.0 = Release|Any CPU
		{C3F52532-B3B0-48D4-AC5C-50B483AEB7A9}.Debug|Any CPU.ActiveCfg = Debug|Any CPU
		{C3F52532-B3B0-48D4-AC5C-50B483AEB7A9}.Debug|Any CPU.Build.0 = Debug|Any CPU
		{C3F52532-B3B0-48D4-AC5C-50B483AEB7A9}.Release|Any CPU.ActiveCfg = Release|Any CPU
		{C3F52532-B3B0-48D4-AC5C-50B483AEB7A9}.Release|Any CPU.Build.0 = Release|Any CPU
	EndGlobalSection
	GlobalSection(SolutionProperties) = preSolution
		HideSolutionNode = FALSE
	EndGlobalSection
	GlobalSection(ExtensibilityGlobals) = postSolution
		SolutionGuid = {DF2864E3-1A6B-463D-AEA1-9D1BDD97517E}
	EndGlobalSection
EndGlobal
